{
  "name": "dph-graphql-live-query",
  "version": "1.0.0",
  "lockfileVersion": 2,
  "requires": true,
  "packages": {
    "": {
      "name": "dph-graphql-live-query",
      "version": "1.0.0",
      "license": "ISC",
      "dependencies": {
        "@n1ru4l/json-patch-plus": "^0.1.4"
      }
    },
    "node_modules/@n1ru4l/json-patch-plus": {
      "version": "0.1.4",
      "resolved": "https://registry.npmjs.org/@n1ru4l/json-patch-plus/-/json-patch-plus-0.1.4.tgz",
      "integrity": "sha512-VJSHZGg0cDud4t0mvfigFtd0fg/PMrTfmXWaJrBK7y6hdCEFT3rFq6Sw7SEb58tP0lveNCDqL14joc+MuZ+bsw=="
    }
  },
  "dependencies": {
    "@n1ru4l/json-patch-plus": {
      "version": "0.1.4",
      "resolved": "https://registry.npmjs.org/@n1ru4l/json-patch-plus/-/json-patch-plus-0.1.4.tgz",
      "integrity": "sha512-VJSHZGg0cDud4t0mvfigFtd0fg/PMrTfmXWaJrBK7y6hdCEFT3rFq6Sw7SEb58tP0lveNCDqL14joc+MuZ+bsw=="
    }
  }
}
